
Microsoft Visual Studio Solution File, Format Version 12.00
# Visual Studio 15
VisualStudioVersion = 15.0.27130.2027
MinimumVisualStudioVersion = 10.0.40219.1
Project("{FAE04EC0-301F-11D3-BF4B-00C04F79EFBC}") = "Tutorial3-1, Birth Date String", "Birth Date String\Tutorial3-1, Birth Date String.csproj", "{DB12833C-8EAC-48F8-A07C-C4E3BA02463C}"
EndProject
Project("{FAE04EC0-301F-11D3-BF4B-00C04F79EFBC}") = "Tutorial3-2, Fuel Economy", "WindowsFormsApp1\Tutorial3-2, Fuel Economy.csproj", "{FE25F3C4-AD32-4BD4-B810-C4F4584323FC}"
EndProject
Project("{FAE04EC0-301F-11D3-BF4B-00C04F79EFBC}") = "Tutorial3-3, Sale Price Calculator", "Sales Price Calculator\Tutorial3-3, Sale Price Calculator.csproj", "{8A4B6C69-215B-42BB-A921-BF3B8B2EFD60}"
EndProject
Project("{FAE04EC0-301F-11D3-BF4B-00C04F79EFBC}") = "Tutorial3-4, Test Average", "Test Average\Tutorial3-4, Test Average.csproj", "{A1D30558-E2DB-4244-9AD1-A429F3C2606C}"
EndProject
Project("{FAE04EC0-301F-11D3-BF4B-00C04F79EFBC}") = "Tutorial3-5, Change Counter", "Sale Price Calculator II\Tutorial3-5, Change Counter.csproj", "{46F0D515-C835-4DE9-84AB-7459E6B861DD}"
EndProject
Project("{FAE04EC0-301F-11D3-BF4B-00C04F79EFBC}") = "ProgramProblem1_NameFormatter", "Programming Problems\ProgramProblem1_NameFormatter.csproj", "{18A172F1-5510-470F-BBE5-34D57F07C05C}"
EndProject
Project("{FAE04EC0-301F-11D3-BF4B-00C04F79EFBC}") = "ProgramProblem2_Tip, Tax, Total", "Progm Problem2\ProgramProblem2_Tip, Tax, Total.csproj", "{8D97DAF7-136C-4A77-9D3A-FFD7F703E860}"
EndProject
Project("{FAE04EC0-301F-11D3-BF4B-00C04F79EFBC}") = "ProgramProblem3_Distance Traveled", "ProgramProblem3\ProgramProblem3_Distance Traveled.csproj", "{177CC440-74A9-478D-BE85-5D73AE939973}"
EndProject
Project("{FAE04EC0-301F-11D3-BF4B-00C04F79EFBC}") = "ProgramProblem4, Sales Tax and Total", "ProgramProblem4, Sales Tax and Total\ProgramProblem4, Sales Tax and Total.csproj", "{BCE30230-3F7D-408A-81EE-D9A46F0C9B6B}"
EndProject
Global
	GlobalSection(SolutionConfigurationPlatforms) = preSolution
		Debug|Any CPU = Debug|Any CPU
		Release|Any CPU = Release|Any CPU
	EndGlobalSection
	GlobalSection(ProjectConfigurationPlatforms) = postSolution
		{DB12833C-8EAC-48F8-A07C-C4E3BA02463C}.Debug|Any CPU.ActiveCfg = Debug|Any CPU
		{DB12833C-8EAC-48F8-A07C-C4E3BA02463C}.Debug|Any CPU.Build.0 = Debug|Any CPU
		{DB12833C-8EAC-48F8-A07C-C4E3BA02463C}.Release|Any CPU.ActiveCfg = Release|Any CPU
		{DB12833C-8EAC-48F8-A07C-C4E3BA02463C}.Release|Any CPU.Build.0 = Release|Any CPU
		{FE25F3C4-AD32-4BD4-B810-C4F4584323FC}.Debug|Any CPU.ActiveCfg = Debug|Any CPU
		{FE25F3C4-AD32-4BD4-B810-C4F4584323FC}.Debug|Any CPU.Build.0 = Debug|Any CPU
		{FE25F3C4-AD32-4BD4-B810-C4F4584323FC}.Release|Any CPU.ActiveCfg = Release|Any CPU
		{FE25F3C4-AD32-4BD4-B810-C4F4584323FC}.Release|Any CPU.Build.0 = Release|Any CPU
		{8A4B6C69-215B-42BB-A921-BF3B8B2EFD60}.Debug|Any CPU.ActiveCfg = Debug|Any CPU
		{8A4B6C69-215B-42BB-A921-BF3B8B2EFD60}.Debug|Any CPU.Build.0 = Debug|Any CPU
		{8A4B6C69-215B-42BB-A921-BF3B8B2EFD60}.Release|Any CPU.ActiveCfg = Release|Any CPU
		{8A4B6C69-215B-42BB-A921-BF3B8B2EFD60}.Release|Any CPU.Build.0 = Release|Any CPU
		{A1D30558-E2DB-4244-9AD1-A429F3C2606C}.Debug|Any CPU.ActiveCfg = Debug|Any CPU
		{A1D30558-E2DB-4244-9AD1-A429F3C2606C}.Debug|Any CPU.Build.0 = Debug|Any CPU
		{A1D30558-E2DB-4244-9AD1-A429F3C2606C}.Release|Any CPU.ActiveCfg = Release|Any CPU
		{A1D30558-E2DB-4244-9AD1-A429F3C2606C}.Release|Any CPU.Build.0 = Release|Any CPU
		{46F0D515-C835-4DE9-84AB-7459E6B861DD}.Debug|Any CPU.ActiveCfg = Debug|Any CPU
		{46F0D515-C835-4DE9-84AB-7459E6B861DD}.Debug|Any CPU.Build.0 = Debug|Any CPU
		{46F0D515-C835-4DE9-84AB-7459E6B861DD}.Release|Any CPU.ActiveCfg = Release|Any CPU
		{46F0D515-C835-4DE9-84AB-7459E6B861DD}.Release|Any CPU.Build.0 = Release|Any CPU
		{18A172F1-5510-470F-BBE5-34D57F07C05C}.Debug|Any CPU.ActiveCfg = Debug|Any CPU
		{18A172F1-5510-470F-BBE5-34D57F07C05C}.Debug|Any CPU.Build.0 = Debug|Any CPU
		{18A172F1-5510-470F-BBE5-34D57F07C05C}.Release|Any CPU.ActiveCfg = Release|Any CPU
		{18A172F1-5510-470F-BBE5-34D57F07C05C}.Release|Any CPU.Build.0 = Release|Any CPU
		{8D97DAF7-136C-4A77-9D3A-FFD7F703E860}.Debug|Any CPU.ActiveCfg = Debug|Any CPU
		{8D97DAF7-136C-4A77-9D3A-FFD7F703E860}.Debug|Any CPU.Build.0 = Debug|Any CPU
		{8D97DAF7-136C-4A77-9D3A-FFD7F703E860}.Release|Any CPU.ActiveCfg = Release|Any CPU
		{8D97DAF7-136C-4A77-9D3A-FFD7F703E860}.Release|Any CPU.Build.0 = Release|Any CPU
		{177CC440-74A9-478D-BE85-5D73AE939973}.Debug|Any CPU.ActiveCfg = Debug|Any CPU
		{177CC440-74A9-478D-BE85-5D73AE939973}.Debug|Any CPU.Build.0 = Debug|Any CPU
		{177CC440-74A9-478D-BE85-5D73AE939973}.Release|Any CPU.ActiveCfg = Release|Any CPU
		{177CC440-74A9-478D-BE85-5D73AE939973}.Release|Any CPU.Build.0 = Release|Any CPU
		{BCE30230-3F7D-408A-81EE-D9A46F0C9B6B}.Debug|Any CPU.ActiveCfg = Debug|Any CPU
		{BCE30230-3F7D-408A-81EE-D9A46F0C9B6B}.Debug|Any CPU.Build.0 = Debug|Any CPU
		{BCE30230-3F7D-408A-81EE-D9A46F0C9B6B}.Release|Any CPU.ActiveCfg = Release|Any CPU
		{BCE30230-3F7D-408A-81EE-D9A46F0C9B6B}.Release|Any CPU.Build.0 = Release|Any CPU
	EndGlobalSection
	GlobalSection(SolutionProperties) = preSolution
		HideSolutionNode = FALSE
	EndGlobalSection
	GlobalSection(ExtensibilityGlobals) = postSolution
		SolutionGuid = {76EC9A2F-A85A-457C-90F4-223F5E70BBBF}
	EndGlobalSection
EndGlobal
